{
  "version": "3",
  "packages": {
    "specifiers": {
      "npm:@asteasolutions/zod-to-openapi": "npm:@asteasolutions/zod-to-openapi@5.5.0_zod@3.22.4",
      "npm:@hono/swagger-ui@0.2.1": "npm:@hono/swagger-ui@0.2.1_hono@3.12.0",
      "npm:@hono/zod-openapi@0.9.5": "npm:@hono/zod-openapi@0.9.5_hono@3.12.0_zod@3.22.4",
      "npm:hono": "npm:hono@3.12.0",
      "npm:hono@3.12.0": "npm:hono@3.12.0",
      "npm:zod-to-openapi": "npm:zod-to-openapi@0.2.1_zod@3.5.4"
    },
    "npm": {
      "@asteasolutions/zod-to-openapi@5.5.0_zod@3.22.4": {
        "integrity": "sha512-d5HwrvM6dOKr3XdeF+DmashGvfEc+1oiEfbscugsiwSTrFtuMa7ETpW9sTNnVgn+hJaz+PRxPQUYD7q9/5dUig==",
        "dependencies": {
          "openapi3-ts": "openapi3-ts@4.2.1",
          "zod": "zod@3.22.4"
        }
      },
      "@hono/swagger-ui@0.2.1_hono@3.12.0": {
        "integrity": "sha512-wBxVMRe3/v8xH4o6icmwztiIq0DG0s7+jHVMHVUAoFFCWEQNL2iskMmQtrhSDtsFmBZUeUFQUaaJ6Ir6DOmHLA==",
        "dependencies": {
          "hono": "hono@3.12.0"
        }
      },
      "@hono/zod-openapi@0.9.5_hono@3.12.0_zod@3.22.4": {
        "integrity": "sha512-Px8QEIr5RyDeHQn51Ihnwtl//foFvd/F6yBq6o/3pVMUpoV6X4JZ+srgUrOX2VRrInpLVEP/NaroXlfvarwIxA==",
        "dependencies": {
          "@asteasolutions/zod-to-openapi": "@asteasolutions/zod-to-openapi@5.5.0_zod@3.22.4",
          "@hono/zod-validator": "@hono/zod-validator@0.1.11_hono@3.12.0_zod@3.22.4",
          "hono": "hono@3.12.0",
          "zod": "zod@3.22.4"
        }
      },
      "@hono/zod-validator@0.1.11_hono@3.12.0_zod@3.22.4": {
        "integrity": "sha512-PQXeHUP0+36qpRt8yfeD7N2jbK3ETlGvSN6dMof/HwUC/APRokQRjpXZm4rrlG71Ft0aWE01+Bm4XejqPie5Uw==",
        "dependencies": {
          "hono": "hono@3.12.0",
          "zod": "zod@3.22.4"
        }
      },
      "hono@3.12.0": {
        "integrity": "sha512-UPEtZuLY7Wo7g0mqKWSOjLFdT8t7wJ60IYEcxKl3AQNU4u+R2QqU2fJMPmSu24C+/ag20Z8mOTQOErZzK4DMvA==",
        "dependencies": {}
      },
      "lodash@4.17.21": {
        "integrity": "sha512-v2kDEe57lecTulaDIuNTPy3Ry4gLGJ6Z1O3vE1krgXZNrsQ+LFTGHVxVjcXPs17LhbZVGedAJv8XZ1tvj5FvSg==",
        "dependencies": {}
      },
      "openapi3-ts@2.0.2": {
        "integrity": "sha512-TxhYBMoqx9frXyOgnRHufjQfPXomTIHYKhSKJ6jHfj13kS8OEIhvmE8CTuQyKtjjWttAjX5DPxM1vmalEpo8Qw==",
        "dependencies": {
          "yaml": "yaml@1.10.2"
        }
      },
      "openapi3-ts@4.2.1": {
        "integrity": "sha512-KL1mKwkZii5ce+tb24KCUmQHyWB/oanG5fzUY35UB+wenWJv4Kr/IWBntpn5R8ODiJcxx13ZDophcpHnLGeIOw==",
        "dependencies": {
          "yaml": "yaml@2.3.4"
        }
      },
      "typescript@4.9.5": {
        "integrity": "sha512-1FXk9E2Hm+QzZQ7z+McJiHL4NW1F2EzMu9Nq9i3zAaGqibafqYwCVU6WyWAuyQRRzOlxou8xZSyXLEN8oKj24g==",
        "dependencies": {}
      },
      "yaml@1.10.2": {
        "integrity": "sha512-r3vXyErRCYJ7wg28yvBY5VSoAF8ZvlcW9/BwUzEtUsjvX/DKs24dIkuwjtuprwJJHsbyUbLApepYTR1BN4uHrg==",
        "dependencies": {}
      },
      "yaml@2.3.4": {
        "integrity": "sha512-8aAvwVUSHpfEqTQ4w/KMlf3HcRdt50E5ODIQJBw1fQ5RL34xabzxtUlzTXVqc4rkZsPbvrXKWnABCD7kWSmocA==",
        "dependencies": {}
      },
      "zod-to-openapi@0.2.1_zod@3.5.4": {
        "integrity": "sha512-F+3aAYcWcboNYXCmu4qqiZA1Cwwgxp06VF4DOeGE7l4cWdyxSABNBH8QSRGbC4ajSKU1h/prF+yQh7bQkYGVpw==",
        "dependencies": {
          "lodash": "lodash@4.17.21",
          "openapi3-ts": "openapi3-ts@2.0.2",
          "typescript": "typescript@4.9.5",
          "zod": "zod@3.5.4"
        }
      },
      "zod@3.22.4": {
        "integrity": "sha512-iC+8Io04lddc+mVqQ9AZ7OQ2MrUKGN+oIQyq1vemgt46jwCwLfhq7/pwnBnNXXXZb8VTVLKwp9EDkx+ryxIWmg==",
        "dependencies": {}
      },
      "zod@3.5.4": {
        "integrity": "sha512-geyY0HRwlY8ZFM8Ua5Bz9Wl26Zvm2aVRa4waOPsAQCPwzDzJVq3P/gvdHRYEKPusOrbFYvhk/G/dSCO6K53LGw==",
        "dependencies": {}
      }
    }
  },
  "remote": {
    "https://deno.land/std@0.211.0/media_types/_db.ts": "1d695d9fe1c785e523d6de7191b33f33ecc7866db77358a4f966221cca56e2f9",
    "https://deno.land/std@0.211.0/media_types/_util.ts": "97198fcf0fea9f3613e5294944114ab04788f709bea999e31123321f449dd098",
    "https://deno.land/std@0.211.0/media_types/content_type.ts": "ec2325c8f8c2ce6a081620e145b6e842f98b28ca4cfb88acfc82c74d071bbbf4",
    "https://deno.land/std@0.211.0/media_types/format_media_type.ts": "9fc070ec4dcc3193a9c048b3a20375b311685d22bf4ccf9311970b9dc1fb2ec7",
    "https://deno.land/std@0.211.0/media_types/get_charset.ts": "678383f268db650da0f053655c5cce87cf3b7028f62436bafaf0b2dbf9e761e1",
    "https://deno.land/std@0.211.0/media_types/parse_media_type.ts": "6cecc445f1a47adaeb1e163af7f20d29a1b6be68185c6e78eb12c04fc2dfe3ea",
    "https://deno.land/std@0.211.0/media_types/type_by_extension.ts": "27fb0c5c306ce6c115b071b1a6fca4f1061572e214e3023775680fbe9199f7e8",
    "https://deno.land/std@0.211.0/media_types/vendor/mime-db.v1.52.0.ts": "0218d2c7d900e8cd6fa4a866e0c387712af4af9a1bae55d6b2546c73d273a1e6"
  }
}
